
Microsoft Visual Studio Solution File, Format Version 12.00
# Visual Studio Version 17
VisualStudioVersion = 17.5.002.0
MinimumVisualStudioVersion = 10.0.40219.1
Project("{2150E333-8FDC-42A3-9474-1A3956D46DE8}") = "lab10", "lab10", "{47C3E252-6F35-4C37-8447-27418961AA06}"
EndProject
Project("{9A19103F-16F7-4668-BE54-9A1E7A4F7556}") = "lab10", "lab10\lab10\lab10.csproj", "{F2CC35E9-F559-4589-9F38-382907259388}"
EndProject
Project("{2150E333-8FDC-42A3-9474-1A3956D46DE8}") = "lab11", "lab11", "{F7F3032F-31F1-4F31-986A-D0B350D32F8A}"
EndProject
Project("{9A19103F-16F7-4668-BE54-9A1E7A4F7556}") = "lab11", "lab11\lab11\lab11.csproj", "{FB8CFACB-BB68-4F25-ABA9-68F483E0AC8B}"
EndProject
Project("{2150E333-8FDC-42A3-9474-1A3956D46DE8}") = "lab2", "lab2", "{F789D5E5-C008-4B47-B511-D8C858A9317A}"
EndProject
Project("{9A19103F-16F7-4668-BE54-9A1E7A4F7556}") = "lab2", "lab2\lab2\lab2.csproj", "{BF94859F-2E21-4916-867C-D6449A78E2DA}"
EndProject
Project("{2150E333-8FDC-42A3-9474-1A3956D46DE8}") = "lab3", "lab3", "{401F4C3F-E4DB-43E6-92CA-1C0ABB8EEA82}"
EndProject
Project("{9A19103F-16F7-4668-BE54-9A1E7A4F7556}") = "lab3", "lab3\lab3\lab3.csproj", "{9C5FC307-9FBC-4187-83D9-1FAAFCFC1A3D}"
EndProject
Project("{2150E333-8FDC-42A3-9474-1A3956D46DE8}") = "lab4", "lab4", "{63DEE3B7-D901-4486-8A33-68E6FF4E0E8B}"
EndProject
Project("{9A19103F-16F7-4668-BE54-9A1E7A4F7556}") = "lab4", "lab4\lab4\lab4.csproj", "{41C976E6-F50E-4E2D-95A6-EB20DB9F6016}"
EndProject
Project("{2150E333-8FDC-42A3-9474-1A3956D46DE8}") = "lab5", "lab5", "{D2BCEEE0-4CE0-4965-ACD3-F243837C3D20}"
EndProject
Project("{9A19103F-16F7-4668-BE54-9A1E7A4F7556}") = "lab5", "lab5\lab5\lab5.csproj", "{62BA2D33-1BAF-4137-8BEA-918C3E9760FF}"
EndProject
Project("{2150E333-8FDC-42A3-9474-1A3956D46DE8}") = "lab6", "lab6", "{76F570A4-6C84-4892-992D-5B5B7F8A514D}"
EndProject
Project("{9A19103F-16F7-4668-BE54-9A1E7A4F7556}") = "lab6", "lab6\lab6\lab6.csproj", "{AF7FFC8C-F3AF-434D-BE9C-9AF5C57E51A9}"
EndProject
Project("{2150E333-8FDC-42A3-9474-1A3956D46DE8}") = "lab7", "lab7", "{5D49B109-E7DC-4896-96A5-29B8FE6D98B9}"
EndProject
Project("{9A19103F-16F7-4668-BE54-9A1E7A4F7556}") = "lab7", "lab7\lab7\lab7.csproj", "{1ACCA681-4928-4435-8954-8B8CA784403E}"
EndProject
Project("{2150E333-8FDC-42A3-9474-1A3956D46DE8}") = "lab8", "lab8", "{DA81D3D3-E37B-41DD-B292-905345C68D3F}"
EndProject
Project("{9A19103F-16F7-4668-BE54-9A1E7A4F7556}") = "lab8", "lab8\lab8\lab8.csproj", "{392568D9-FCDA-45E2-8AC4-AC57281F85D4}"
EndProject
Project("{2150E333-8FDC-42A3-9474-1A3956D46DE8}") = "lab9", "lab9", "{9C790DCA-5836-4F43-B607-C35EEEF13132}"
EndProject
Project("{9A19103F-16F7-4668-BE54-9A1E7A4F7556}") = "lab9", "lab9\lab9\lab9.csproj", "{B15CDA08-92C3-4363-97C8-03AE1BE9F7E9}"
EndProject
Global
	GlobalSection(SolutionConfigurationPlatforms) = preSolution
		Debug|Any CPU = Debug|Any CPU
		Release|Any CPU = Release|Any CPU
	EndGlobalSection
	GlobalSection(ProjectConfigurationPlatforms) = postSolution
		{F2CC35E9-F559-4589-9F38-382907259388}.Debug|Any CPU.ActiveCfg = Debug|Any CPU
		{F2CC35E9-F559-4589-9F38-382907259388}.Debug|Any CPU.Build.0 = Debug|Any CPU
		{F2CC35E9-F559-4589-9F38-382907259388}.Release|Any CPU.ActiveCfg = Release|Any CPU
		{F2CC35E9-F559-4589-9F38-382907259388}.Release|Any CPU.Build.0 = Release|Any CPU
		{FB8CFACB-BB68-4F25-ABA9-68F483E0AC8B}.Debug|Any CPU.ActiveCfg = Debug|Any CPU
		{FB8CFACB-BB68-4F25-ABA9-68F483E0AC8B}.Debug|Any CPU.Build.0 = Debug|Any CPU
		{FB8CFACB-BB68-4F25-ABA9-68F483E0AC8B}.Release|Any CPU.ActiveCfg = Release|Any CPU
		{FB8CFACB-BB68-4F25-ABA9-68F483E0AC8B}.Release|Any CPU.Build.0 = Release|Any CPU
		{BF94859F-2E21-4916-867C-D6449A78E2DA}.Debug|Any CPU.ActiveCfg = Debug|Any CPU
		{BF94859F-2E21-4916-867C-D6449A78E2DA}.Debug|Any CPU.Build.0 = Debug|Any CPU
		{BF94859F-2E21-4916-867C-D6449A78E2DA}.Release|Any CPU.ActiveCfg = Release|Any CPU
		{BF94859F-2E21-4916-867C-D6449A78E2DA}.Release|Any CPU.Build.0 = Release|Any CPU
		{9C5FC307-9FBC-4187-83D9-1FAAFCFC1A3D}.Debug|Any CPU.ActiveCfg = Debug|Any CPU
		{9C5FC307-9FBC-4187-83D9-1FAAFCFC1A3D}.Debug|Any CPU.Build.0 = Debug|Any CPU
		{9C5FC307-9FBC-4187-83D9-1FAAFCFC1A3D}.Release|Any CPU.ActiveCfg = Release|Any CPU
		{9C5FC307-9FBC-4187-83D9-1FAAFCFC1A3D}.Release|Any CPU.Build.0 = Release|Any CPU
		{41C976E6-F50E-4E2D-95A6-EB20DB9F6016}.Debug|Any CPU.ActiveCfg = Debug|Any CPU
		{41C976E6-F50E-4E2D-95A6-EB20DB9F6016}.Debug|Any CPU.Build.0 = Debug|Any CPU
		{41C976E6-F50E-4E2D-95A6-EB20DB9F6016}.Release|Any CPU.ActiveCfg = Release|Any CPU
		{41C976E6-F50E-4E2D-95A6-EB20DB9F6016}.Release|Any CPU.Build.0 = Release|Any CPU
		{62BA2D33-1BAF-4137-8BEA-918C3E9760FF}.Debug|Any CPU.ActiveCfg = Debug|Any CPU
		{62BA2D33-1BAF-4137-8BEA-918C3E9760FF}.Debug|Any CPU.Build.0 = Debug|Any CPU
		{62BA2D33-1BAF-4137-8BEA-918C3E9760FF}.Release|Any CPU.ActiveCfg = Release|Any CPU
		{62BA2D33-1BAF-4137-8BEA-918C3E9760FF}.Release|Any CPU.Build.0 = Release|Any CPU
		{AF7FFC8C-F3AF-434D-BE9C-9AF5C57E51A9}.Debug|Any CPU.ActiveCfg = Debug|Any CPU
		{AF7FFC8C-F3AF-434D-BE9C-9AF5C57E51A9}.Debug|Any CPU.Build.0 = Debug|Any CPU
		{AF7FFC8C-F3AF-434D-BE9C-9AF5C57E51A9}.Release|Any CPU.ActiveCfg = Release|Any CPU
		{AF7FFC8C-F3AF-434D-BE9C-9AF5C57E51A9}.Release|Any CPU.Build.0 = Release|Any CPU
		{1ACCA681-4928-4435-8954-8B8CA784403E}.Debug|Any CPU.ActiveCfg = Debug|Any CPU
		{1ACCA681-4928-4435-8954-8B8CA784403E}.Debug|Any CPU.Build.0 = Debug|Any CPU
		{1ACCA681-4928-4435-8954-8B8CA784403E}.Release|Any CPU.ActiveCfg = Release|Any CPU
		{1ACCA681-4928-4435-8954-8B8CA784403E}.Release|Any CPU.Build.0 = Release|Any CPU
		{392568D9-FCDA-45E2-8AC4-AC57281F85D4}.Debug|Any CPU.ActiveCfg = Debug|Any CPU
		{392568D9-FCDA-45E2-8AC4-AC57281F85D4}.Debug|Any CPU.Build.0 = Debug|Any CPU
		{392568D9-FCDA-45E2-8AC4-AC57281F85D4}.Release|Any CPU.ActiveCfg = Release|Any CPU
		{392568D9-FCDA-45E2-8AC4-AC57281F85D4}.Release|Any CPU.Build.0 = Release|Any CPU
		{B15CDA08-92C3-4363-97C8-03AE1BE9F7E9}.Debug|Any CPU.ActiveCfg = Debug|Any CPU
		{B15CDA08-92C3-4363-97C8-03AE1BE9F7E9}.Debug|Any CPU.Build.0 = Debug|Any CPU
		{B15CDA08-92C3-4363-97C8-03AE1BE9F7E9}.Release|Any CPU.ActiveCfg = Release|Any CPU
		{B15CDA08-92C3-4363-97C8-03AE1BE9F7E9}.Release|Any CPU.Build.0 = Release|Any CPU
	EndGlobalSection
	GlobalSection(SolutionProperties) = preSolution
		HideSolutionNode = FALSE
	EndGlobalSection
	GlobalSection(NestedProjects) = preSolution
		{F2CC35E9-F559-4589-9F38-382907259388} = {47C3E252-6F35-4C37-8447-27418961AA06}
		{FB8CFACB-BB68-4F25-ABA9-68F483E0AC8B} = {F7F3032F-31F1-4F31-986A-D0B350D32F8A}
		{BF94859F-2E21-4916-867C-D6449A78E2DA} = {F789D5E5-C008-4B47-B511-D8C858A9317A}
		{9C5FC307-9FBC-4187-83D9-1FAAFCFC1A3D} = {401F4C3F-E4DB-43E6-92CA-1C0ABB8EEA82}
		{41C976E6-F50E-4E2D-95A6-EB20DB9F6016} = {63DEE3B7-D901-4486-8A33-68E6FF4E0E8B}
		{62BA2D33-1BAF-4137-8BEA-918C3E9760FF} = {D2BCEEE0-4CE0-4965-ACD3-F243837C3D20}
		{AF7FFC8C-F3AF-434D-BE9C-9AF5C57E51A9} = {76F570A4-6C84-4892-992D-5B5B7F8A514D}
		{1ACCA681-4928-4435-8954-8B8CA784403E} = {5D49B109-E7DC-4896-96A5-29B8FE6D98B9}
		{392568D9-FCDA-45E2-8AC4-AC57281F85D4} = {DA81D3D3-E37B-41DD-B292-905345C68D3F}
		{B15CDA08-92C3-4363-97C8-03AE1BE9F7E9} = {9C790DCA-5836-4F43-B607-C35EEEF13132}
	EndGlobalSection
	GlobalSection(ExtensibilityGlobals) = postSolution
		SolutionGuid = {84FF2625-C5F2-4A56-B376-91D9A3CE2E45}
	EndGlobalSection
EndGlobal
